
Microsoft Visual Studio Solution File, Format Version 12.00
# Visual Studio Version 17
VisualStudioVersion = 17.9.34728.123
MinimumVisualStudioVersion = 10.0.40219.1
Project("{FAE04EC0-301F-11D3-BF4B-00C04F79EFBC}") = "csharp-typesystem-snacks", "csharp-typesystem-snacks\csharp-typesystem-snacks.csproj", "{ABA2D253-D880-42D4-8949-CD022F74FECC}"
EndProject
Global
	GlobalSection(SolutionConfigurationPlatforms) = preSolution
		Debug|Any CPU = Debug|Any CPU
		Release|Any CPU = Release|Any CPU
	EndGlobalSection
	GlobalSection(ProjectConfigurationPlatforms) = postSolution
		{ABA2D253-D880-42D4-8949-CD022F74FECC}.Debug|Any CPU.ActiveCfg = Debug|Any CPU
		{ABA2D253-D880-42D4-8949-CD022F74FECC}.Debug|Any CPU.Build.0 = Debug|Any CPU
		{ABA2D253-D880-42D4-8949-CD022F74FECC}.Release|Any CPU.ActiveCfg = Release|Any CPU
		{ABA2D253-D880-42D4-8949-CD022F74FECC}.Release|Any CPU.Build.0 = Release|Any CPU
	EndGlobalSection
	GlobalSection(SolutionProperties) = preSolution
		HideSolutionNode = FALSE
	EndGlobalSection
	GlobalSection(ExtensibilityGlobals) = postSolution
		SolutionGuid = {96ED767C-A824-4146-9870-25A47326F7BC}
	EndGlobalSection
EndGlobal
